
Microsoft Visual Studio Solution File, Format Version 12.00
# Visual Studio Version 16
VisualStudioVersion = 16.0.30523.141
MinimumVisualStudioVersion = 10.0.40219.1
Project("{9A19103F-16F7-4668-BE54-9A1E7A4F7556}") = "Bookish.ConsoleApp", "Bookish.ConsoleApp\Bookish.ConsoleApp.csproj", "{0320CDC8-851A-4FFB-B03D-A24B33730703}"
EndProject
Project("{9A19103F-16F7-4668-BE54-9A1E7A4F7556}") = "Bookish.DataAccess", "Bookish.DataAccess\Bookish.DataAccess.csproj", "{23D43C9B-6808-4C1D-A185-28F717674E8D}"
EndProject
Project("{FAE04EC0-301F-11D3-BF4B-00C04F79EFBC}") = "Bookish.Web", "Bookish.Web\Bookish.Web.csproj", "{BC8BFA35-9CB8-492B-9D22-C4B96D5CA836}"
EndProject
Global
	GlobalSection(SolutionConfigurationPlatforms) = preSolution
		Debug|Any CPU = Debug|Any CPU
		Release|Any CPU = Release|Any CPU
	EndGlobalSection
	GlobalSection(ProjectConfigurationPlatforms) = postSolution
		{0320CDC8-851A-4FFB-B03D-A24B33730703}.Debug|Any CPU.ActiveCfg = Debug|Any CPU
		{0320CDC8-851A-4FFB-B03D-A24B33730703}.Debug|Any CPU.Build.0 = Debug|Any CPU
		{0320CDC8-851A-4FFB-B03D-A24B33730703}.Release|Any CPU.ActiveCfg = Release|Any CPU
		{0320CDC8-851A-4FFB-B03D-A24B33730703}.Release|Any CPU.Build.0 = Release|Any CPU
		{23D43C9B-6808-4C1D-A185-28F717674E8D}.Debug|Any CPU.ActiveCfg = Debug|Any CPU
		{23D43C9B-6808-4C1D-A185-28F717674E8D}.Debug|Any CPU.Build.0 = Debug|Any CPU
		{23D43C9B-6808-4C1D-A185-28F717674E8D}.Release|Any CPU.ActiveCfg = Release|Any CPU
		{23D43C9B-6808-4C1D-A185-28F717674E8D}.Release|Any CPU.Build.0 = Release|Any CPU
		{BC8BFA35-9CB8-492B-9D22-C4B96D5CA836}.Debug|Any CPU.ActiveCfg = Debug|Any CPU
		{BC8BFA35-9CB8-492B-9D22-C4B96D5CA836}.Debug|Any CPU.Build.0 = Debug|Any CPU
		{BC8BFA35-9CB8-492B-9D22-C4B96D5CA836}.Release|Any CPU.ActiveCfg = Release|Any CPU
		{BC8BFA35-9CB8-492B-9D22-C4B96D5CA836}.Release|Any CPU.Build.0 = Release|Any CPU
	EndGlobalSection
	GlobalSection(SolutionProperties) = preSolution
		HideSolutionNode = FALSE
	EndGlobalSection
	GlobalSection(ExtensibilityGlobals) = postSolution
		SolutionGuid = {842FE8B8-1F46-41BA-89E1-B8335AD11EE4}
	EndGlobalSection
EndGlobal
